{
  "requires": true,
  "lockfileVersion": 1,
  "dependencies": {
    "jquery-easyui": {
      "version": "1.5.21",
      "resolved": "https://registry.npmjs.org/jquery-easyui/-/jquery-easyui-1.5.21.tgz",
      "integrity": "sha512-tt6mkJ4OcRG8CXXrpbb3QKuvESdVChtd641DlLieN5naolPbttCV+kpXqT1msejVO2nXQfsML71vtlYjB9wasw=="
    }
  }
}
